github.com/davecgh/go-spew v1.1.1 h1:vj9j/u1bqnvCEfJOwUhtlOARqs3+rkHYY13jYWTU97c=
github.com/davecgh/go-spew v1.1.1/go.mod h1:J7Y8YcW2NihsgmVo/mv3lAwl/skON4iLHjSsI+c5H38=
github.com/gobwas/glob v0.0.0-20170212200151-51eb1ee00b6d h1:IngNQgbqr5ZOU0exk395Szrvkzes9Ilk1fmJfkw7d+M=
github.com/gobwas/glob v0.0.0-20170212200151-51eb1ee00b6d/go.mod h1:d3Ez4x06l9bZtSvzIay5+Yzi0fmZzPgnTbPcKjJAkT8=
github.com/grailbio/go-dicom v0.0.0-20190117035129-c30d9eaca591 h1:+Mw+0FlkRAwJ3uwWD8UulBnmsyRrCy6UApph3Bx2SIc=
github.com/grailbio/go-dicom v0.0.0-20190117035129-c30d9eaca591/go.mod h1:GEP2d5Mz6UiZmV6QqUYeRKU5x+Sa36qVWtJFR0IZvoA=
github.com/pmezard/go-difflib v1.0.0 h1:4DBwDE0NGyQoBHbLQYPwSUPoCMWR5BEzIk/f1lZbAQM=
github.com/pmezard/go-difflib v1.0.0/go.mod h1:iKH77koFhYxTK1pcRnkKkqfTogsbg7gZNVY4sRDYZ/4=
github.com/stretchr/testify v1.2.2 h1:bSDNvY7ZPG5RlJ8otE/7V6gMiyenm9RtJ7IUVIAoJ1w=
github.com/stretchr/testify v1.2.2/go.mod h1:a8OnRcib4nhh0OaRAV+Yts87kKdq0PP7pXfy6kDkUVs=
golang.org/x/text v0.3.0 h1:g61tztE5qeGQ89tm6NTjjM9VPIm088od1l6aSorWRWg=
golang.org/x/text v0.3.0/go.mod h1:NqM8EUOU14njkJ3fqMW+pc6Ldnwhi/IjpwHt7yyuwOQ=
